# THIS IS AN AUTOGENERATED FILE. DO NOT EDIT THIS FILE DIRECTLY.
# yarn lockfile v1


material-icons@^0.3.0:
  version "0.3.0"
  resolved "https://registry.yarnpkg.com/material-icons/-/material-icons-0.3.0.tgz#41230ab7fd6c73e9ca74d1bfa0e8597f1d650c63"
  integrity sha512-nqKE2/yoiTJzoJ8Lw5SzJCDrNkA3hnJ8v70MkCwuA8C1Cayi31Azee1sloLyBAjOUtbctAC66p7Hh8Zow+rMrg==

moment@^2.24.0:
  version "2.24.0"
  resolved "https://registry.yarnpkg.com/moment/-/moment-2.24.0.tgz#0d055d53f5052aa653c9f6eb68bb5d12bf5c2b5b"
  integrity sha512-bV7f+6l2QigeBBZSM/6yTNq4P2fNpSWj/0e7jQcy87A8e7o2nAfP/34/2ky5Vw4B9S446EtIhodAzkFCcR4dQg==

vue@^2.5.17:
  version "2.5.22"
  resolved "https://registry.yarnpkg.com/vue/-/vue-2.5.22.tgz#3bf88041af08b8539c37b268b70ca79245e9cc30"
  integrity sha512-pxY3ZHlXNJMFQbkjEgGVMaMMkSV1ONpz+4qB55kZuJzyJOhn6MSy/YZdzhdnumegNzVTL/Dn3Pp4UrVBYt1j/g==

vuesax@^3.8.16:
  version "3.8.16"
  resolved "https://registry.yarnpkg.com/vuesax/-/vuesax-3.8.16.tgz#68180d998593876b0bf6efe221f53aa5bbedd3b0"
  integrity sha512-A+gmoiHpHrrxs405b0xMIJON+9IL948GXm6mdI0d1UxbpaGUApN1MiDEIMeDuPW7JHtrfQmQ8w2hCLbP4iOilw==
  dependencies:
    vue "^2.5.17"
