# THIS IS AN AUTOGENERATED FILE. DO NOT EDIT THIS FILE DIRECTLY.
# yarn lockfile v1


material-icons@^0.3.0:
  version "0.3.0"
  resolved "https://registry.yarnpkg.com/material-icons/-/material-icons-0.3.0.tgz#41230ab7fd6c73e9ca74d1bfa0e8597f1d650c63"
  integrity sha512-nqKE2/yoiTJzoJ8Lw5SzJCDrNkA3hnJ8v70MkCwuA8C1Cayi31Azee1sloLyBAjOUtbctAC66p7Hh8Zow+rMrg==

moment@^2.24.0:
  version "2.24.0"
  resolved "https://registry.yarnpkg.com/moment/-/moment-2.24.0.tgz#0d055d53f5052aa653c9f6eb68bb5d12bf5c2b5b"
  integrity sha512-bV7f+6l2QigeBBZSM/6yTNq4P2fNpSWj/0e7jQcy87A8e7o2nAfP/34/2ky5Vw4B9S446EtIhodAzkFCcR4dQg==

vue@^2.5.17:
  version "2.6.6"
  resolved "https://registry.yarnpkg.com/vue/-/vue-2.6.6.tgz#dde41e483c11c46a7bf523909f4f2f816ab60d25"
  integrity sha512-Y2DdOZD8sxApS+iUlwv1v8U1qN41kq6Kw45lM6nVZKhygeWA49q7VCCXkjXqeDBXgurrKWkYQ9cJeEJwAq0b9Q==

vuesax@^3.8.16:
  version "3.8.20"
  resolved "https://registry.yarnpkg.com/vuesax/-/vuesax-3.8.20.tgz#3fab6b627ee2e00464c8fa8a61fe7f5a665e7042"
  integrity sha512-xQO1WFYrWOkocbdcPB0N9yQm8mtXcPtNiVLmqdbJUS3Mqxy+4SYn6cVNOH12vGN0RHK/NZNe46Ymq16QlFimbQ==
  dependencies:
    vue "^2.5.17"
